
Microsoft Visual Studio Solution File, Format Version 12.00
Project("{FAE04EC0-301F-11D3-BF4B-00C04F79EFBC}") = "hw_20", "hw_20\hw_20.csproj", "{898D33EE-76D1-4AFF-9C3A-CB6CE415EA26}"
EndProject
Project("{FAE04EC0-301F-11D3-BF4B-00C04F79EFBC}") = "hw_20_dop_1", "hw_20_dop_1\hw_20_dop_1.csproj", "{60AD6208-ABBA-43C9-BB35-1BBF8585977C}"
EndProject
Global
	GlobalSection(SolutionConfigurationPlatforms) = preSolution
		Debug|Any CPU = Debug|Any CPU
		Release|Any CPU = Release|Any CPU
	EndGlobalSection
	GlobalSection(ProjectConfigurationPlatforms) = postSolution
		{898D33EE-76D1-4AFF-9C3A-CB6CE415EA26}.Debug|Any CPU.ActiveCfg = Debug|Any CPU
		{898D33EE-76D1-4AFF-9C3A-CB6CE415EA26}.Debug|Any CPU.Build.0 = Debug|Any CPU
		{898D33EE-76D1-4AFF-9C3A-CB6CE415EA26}.Release|Any CPU.ActiveCfg = Release|Any CPU
		{898D33EE-76D1-4AFF-9C3A-CB6CE415EA26}.Release|Any CPU.Build.0 = Release|Any CPU
		{60AD6208-ABBA-43C9-BB35-1BBF8585977C}.Debug|Any CPU.ActiveCfg = Debug|Any CPU
		{60AD6208-ABBA-43C9-BB35-1BBF8585977C}.Debug|Any CPU.Build.0 = Debug|Any CPU
		{60AD6208-ABBA-43C9-BB35-1BBF8585977C}.Release|Any CPU.ActiveCfg = Release|Any CPU
		{60AD6208-ABBA-43C9-BB35-1BBF8585977C}.Release|Any CPU.Build.0 = Release|Any CPU
	EndGlobalSection
EndGlobal
